
Microsoft Visual Studio Solution File, Format Version 12.00
# Visual Studio Version 16
VisualStudioVersion = 16.0.32106.194
MinimumVisualStudioVersion = 10.0.40219.1
Project("{FAE04EC0-301F-11D3-BF4B-00C04F79EFBC}") = "AutoCompleteEx", "AutoCompleteEx\AutoCompleteEx.csproj", "{BD80BEDF-B45E-462A-9232-301DE8B37EAF}"
EndProject
Global
	GlobalSection(SolutionConfigurationPlatforms) = preSolution
		Debug|Any CPU = Debug|Any CPU
		Release|Any CPU = Release|Any CPU
	EndGlobalSection
	GlobalSection(ProjectConfigurationPlatforms) = postSolution
		{BD80BEDF-B45E-462A-9232-301DE8B37EAF}.Debug|Any CPU.ActiveCfg = Debug|Any CPU
		{BD80BEDF-B45E-462A-9232-301DE8B37EAF}.Debug|Any CPU.Build.0 = Debug|Any CPU
		{BD80BEDF-B45E-462A-9232-301DE8B37EAF}.Debug|Any CPU.Deploy.0 = Debug|Any CPU
		{BD80BEDF-B45E-462A-9232-301DE8B37EAF}.Release|Any CPU.ActiveCfg = Release|Any CPU
		{BD80BEDF-B45E-462A-9232-301DE8B37EAF}.Release|Any CPU.Build.0 = Release|Any CPU
		{BD80BEDF-B45E-462A-9232-301DE8B37EAF}.Release|Any CPU.Deploy.0 = Release|Any CPU
	EndGlobalSection
	GlobalSection(SolutionProperties) = preSolution
		HideSolutionNode = FALSE
	EndGlobalSection
	GlobalSection(ExtensibilityGlobals) = postSolution
		SolutionGuid = {12B66586-6582-4B06-A841-76BBF7DE095E}
	EndGlobalSection
EndGlobal
